
Microsoft Visual Studio Solution File, Format Version 12.00
# Visual Studio Version 17
VisualStudioVersion = 17.14.36811.4 d17.14
MinimumVisualStudioVersion = 10.0.40219.1
Project("{C9674DCB-5085-4A16-B785-4C70DD1589BD}") = "Create CVS Date Dimension", "Create CVS Date Dimension\Create CVS Date Dimension.dtproj", "{3EA9423D-40D7-2126-39A0-C0E83616307B}"
EndProject
Global
	GlobalSection(SolutionConfigurationPlatforms) = preSolution
		Development|Default = Development|Default
	EndGlobalSection
	GlobalSection(ProjectConfigurationPlatforms) = postSolution
		{3EA9423D-40D7-2126-39A0-C0E83616307B}.Development|Default.ActiveCfg = Development
		{3EA9423D-40D7-2126-39A0-C0E83616307B}.Development|Default.Build.0 = Development
	EndGlobalSection
	GlobalSection(SolutionProperties) = preSolution
		HideSolutionNode = FALSE
	EndGlobalSection
	GlobalSection(ExtensibilityGlobals) = postSolution
		SolutionGuid = {54143197-FDB3-4537-9C6E-5356596BAE45}
	EndGlobalSection
EndGlobal
